
Microsoft Visual Studio Solution File, Format Version 12.00
# Visual Studio 15
VisualStudioVersion = 15.0.28307.106
MinimumVisualStudioVersion = 10.0.40219.1
Project("{8BC9CEB8-8B4A-11D0-8D11-00A0C91BC942}") = "ManagementSystem", "ManagementSystem\ManagementSystem.vcxproj", "{AE9CA0CA-E3AB-4510-9287-18823542139B}"
EndProject
Global
	GlobalSection(SolutionConfigurationPlatforms) = preSolution
		Debug|x64 = Debug|x64
		Debug|x86 = Debug|x86
		Release|x64 = Release|x64
		Release|x86 = Release|x86
	EndGlobalSection
	GlobalSection(ProjectConfigurationPlatforms) = postSolution
		{AE9CA0CA-E3AB-4510-9287-18823542139B}.Debug|x64.ActiveCfg = Debug|x64
		{AE9CA0CA-E3AB-4510-9287-18823542139B}.Debug|x64.Build.0 = Debug|x64
		{AE9CA0CA-E3AB-4510-9287-18823542139B}.Debug|x86.ActiveCfg = Debug|Win32
		{AE9CA0CA-E3AB-4510-9287-18823542139B}.Debug|x86.Build.0 = Debug|Win32
		{AE9CA0CA-E3AB-4510-9287-18823542139B}.Release|x64.ActiveCfg = Release|x64
		{AE9CA0CA-E3AB-4510-9287-18823542139B}.Release|x64.Build.0 = Release|x64
		{AE9CA0CA-E3AB-4510-9287-18823542139B}.Release|x86.ActiveCfg = Release|Win32
		{AE9CA0CA-E3AB-4510-9287-18823542139B}.Release|x86.Build.0 = Release|Win32
	EndGlobalSection
	GlobalSection(SolutionProperties) = preSolution
		HideSolutionNode = FALSE
	EndGlobalSection
	GlobalSection(ExtensibilityGlobals) = postSolution
		SolutionGuid = {28E3FC78-92E8-4747-9CDB-C9C32B3A945C}
	EndGlobalSection
EndGlobal
